// !$*UTF8*$!
{
	archiveVersion = 1;
	classes = {
	};
	objectVersion = 56;
	objects = {

/* Begin PBXBuildFile section */
		634F99B02A6FD26200E19845 /* MapAppApp.swift in Sources */ = {isa = PBXBuildFile; fileRef = 634F99AF2A6FD26200E19845 /* MapAppApp.swift */; };
		634F99B22A6FD26200E19845 /* ContentView.swift in Sources */ = {isa = PBXBuildFile; fileRef = 634F99B12A6FD26200E19845 /* ContentView.swift */; };
		634F99C12A6FD26300E19845 /* MapAppTests.swift in Sources */ = {isa = PBXBuildFile; fileRef = 634F99C02A6FD26300E19845 /* MapAppTests.swift */; };
		634F99CB2A6FD26300E19845 /* MapAppUITests.swift in Sources */ = {isa = PBXBuildFile; fileRef = 634F99CA2A6FD26300E19845 /* MapAppUITests.swift */; };
		634F99CD2A6FD26300E19845 /* MapAppUITestsLaunchTests.swift in Sources */ = {isa = PBXBuildFile; fileRef = 634F99CC2A6FD26300E19845 /* MapAppUITestsLaunchTests.swift */; };
		634F99DC2A6FD33500E19845 /* Assets.xcassets in Resources */ = {isa = PBXBuildFile; fileRef = 634F99DB2A6FD33500E19845 /* Assets.xcassets */; };
		634F99E12A6FD3CD00E19845 /* Location.swift in Sources */ = {isa = PBXBuildFile; fileRef = 634F99E02A6FD3CD00E19845 /* Location.swift */; };
		634F99E42A6FD66400E19845 /* LocationsDataService.swift in Sources */ = {isa = PBXBuildFile; fileRef = 634F99E32A6FD66400E19845 /* LocationsDataService.swift */; };
		634F99E62A6FD6C800E19845 /* LocationsView.swift in Sources */ = {isa = PBXBuildFile; fileRef = 634F99E52A6FD6C800E19845 /* LocationsView.swift */; };
		634F99E82A6FDA1000E19845 /* LocationsViewModel.swift in Sources */ = {isa = PBXBuildFile; fileRef = 634F99E72A6FDA1000E19845 /* LocationsViewModel.swift */; };
		634F99EA2A6FE13800E19845 /* LocationsListView.swift in Sources */ = {isa = PBXBuildFile; fileRef = 634F99E92A6FE13800E19845 /* LocationsListView.swift */; };
		634F99EC2A6FE87100E19845 /* LocationPreviewView.swift in Sources */ = {isa = PBXBuildFile; fileRef = 634F99EB2A6FE87100E19845 /* LocationPreviewView.swift */; };
		634F99EE2A6FF72B00E19845 /* LocationMapAnnotionView.swift in Sources */ = {isa = PBXBuildFile; fileRef = 634F99ED2A6FF72B00E19845 /* LocationMapAnnotionView.swift */; };
		634F99F02A6FFDA400E19845 /* LocationDetailView.swift in Sources */ = {isa = PBXBuildFile; fileRef = 634F99EF2A6FFDA400E19845 /* LocationDetailView.swift */; };
/* End PBXBuildFile section */

/* Begin PBXContainerItemProxy section */
		634F99BD2A6FD26300E19845 /* PBXContainerItemProxy */ = {
			isa = PBXContainerItemProxy;
			containerPortal = 634F99A42A6FD26200E19845 /* Project object */;
			proxyType = 1;
			remoteGlobalIDString = 634F99AB2A6FD26200E19845;
			remoteInfo = MapApp;
		};
		634F99C72A6FD26300E19845 /* PBXContainerItemProxy */ = {
			isa = PBXContainerItemProxy;
			containerPortal = 634F99A42A6FD26200E19845 /* Project object */;
			proxyType = 1;
			remoteGlobalIDString = 634F99AB2A6FD26200E19845;
			remoteInfo = MapApp;
		};
/* End PBXContainerItemProxy section */

/* Begin PBXFileReference section */
		634F99AC2A6FD26200E19845 /* MapApp.app */ = {isa = PBXFileReference; explicitFileType = wrapper.application; includeInIndex = 0; path = MapApp.app; sourceTree = BUILT_PRODUCTS_DIR; };
		634F99AF2A6FD26200E19845 /* MapAppApp.swift */ = {isa = PBXFileReference; lastKnownFileType = sourcecode.swift; path = MapAppApp.swift; sourceTree = "<group>"; };
		634F99B12A6FD26200E19845 /* ContentView.swift */ = {isa = PBXFileReference; lastKnownFileType = sourcecode.swift; path = ContentView.swift; sourceTree = "<group>"; };
		634F99BC2A6FD26300E19845 /* MapAppTests.xctest */ = {isa = PBXFileReference; explicitFileType = wrapper.cfbundle; includeInIndex = 0; path = MapAppTests.xctest; sourceTree = BUILT_PRODUCTS_DIR; };
		634F99C02A6FD26300E19845 /* MapAppTests.swift */ = {isa = PBXFileReference; lastKnownFileType = sourcecode.swift; path = MapAppTests.swift; sourceTree = "<group>"; };
		634F99C62A6FD26300E19845 /* MapAppUITests.xctest */ = {isa = PBXFileReference; explicitFileType = wrapper.cfbundle; includeInIndex = 0; path = MapAppUITests.xctest; sourceTree = BUILT_PRODUCTS_DIR; };
		634F99CA2A6FD26300E19845 /* MapAppUITests.swift */ = {isa = PBXFileReference; lastKnownFileType = sourcecode.swift; path = MapAppUITests.swift; sourceTree = "<group>"; };
		634F99CC2A6FD26300E19845 /* MapAppUITestsLaunchTests.swift */ = {isa = PBXFileReference; lastKnownFileType = sourcecode.swift; path = MapAppUITestsLaunchTests.swift; sourceTree = "<group>"; };
		634F99DB2A6FD33500E19845 /* Assets.xcassets */ = {isa = PBXFileReference; lastKnownFileType = folder.assetcatalog; path = Assets.xcassets; sourceTree = "<group>"; };
		634F99E02A6FD3CD00E19845 /* Location.swift */ = {isa = PBXFileReference; lastKnownFileType = sourcecode.swift; path = Location.swift; sourceTree = "<group>"; };
		634F99E32A6FD66400E19845 /* LocationsDataService.swift */ = {isa = PBXFileReference; fileEncoding = 4; lastKnownFileType = sourcecode.swift; path = LocationsDataService.swift; sourceTree = "<group>"; };
		634F99E52A6FD6C800E19845 /* LocationsView.swift */ = {isa = PBXFileReference; lastKnownFileType = sourcecode.swift; path = LocationsView.swift; sourceTree = "<group>"; };
		634F99E72A6FDA1000E19845 /* LocationsViewModel.swift */ = {isa = PBXFileReference; lastKnownFileType = sourcecode.swift; path = LocationsViewModel.swift; sourceTree = "<group>"; };
		634F99E92A6FE13800E19845 /* LocationsListView.swift */ = {isa = PBXFileReference; lastKnownFileType = sourcecode.swift; path = LocationsListView.swift; sourceTree = "<group>"; };
		634F99EB2A6FE87100E19845 /* LocationPreviewView.swift */ = {isa = PBXFileReference; lastKnownFileType = sourcecode.swift; path = LocationPreviewView.swift; sourceTree = "<group>"; };
		634F99ED2A6FF72B00E19845 /* LocationMapAnnotionView.swift */ = {isa = PBXFileReference; lastKnownFileType = sourcecode.swift; path = LocationMapAnnotionView.swift; sourceTree = "<group>"; };
		634F99EF2A6FFDA400E19845 /* LocationDetailView.swift */ = {isa = PBXFileReference; lastKnownFileType = sourcecode.swift; path = LocationDetailView.swift; sourceTree = "<group>"; };
/* End PBXFileReference section */

/* Begin PBXFrameworksBuildPhase section */
		634F99A92A6FD26200E19845 /* Frameworks */ = {
			isa = PBXFrameworksBuildPhase;
			buildActionMask = 2147483647;
			files = (
			);
			runOnlyForDeploymentPostprocessing = 0;
		};
		634F99B92A6FD26300E19845 /* Frameworks */ = {
			isa = PBXFrameworksBuildPhase;
			buildActionMask = 2147483647;
			files = (
			);
			runOnlyForDeploymentPostprocessing = 0;
		};
		634F99C32A6FD26300E19845 /* Frameworks */ = {
			isa = PBXFrameworksBuildPhase;
			buildActionMask = 2147483647;
			files = (
			);
			runOnlyForDeploymentPostprocessing = 0;
		};
/* End PBXFrameworksBuildPhase section */

/* Begin PBXGroup section */
		634F99A32A6FD26200E19845 = {
			isa = PBXGroup;
			children = (
				634F99AE2A6FD26200E19845 /* MapApp */,
				634F99BF2A6FD26300E19845 /* MapAppTests */,
				634F99C92A6FD26300E19845 /* MapAppUITests */,
				634F99AD2A6FD26200E19845 /* Products */,
			);
			sourceTree = "<group>";
		};
		634F99AD2A6FD26200E19845 /* Products */ = {
			isa = PBXGroup;
			children = (
				634F99AC2A6FD26200E19845 /* MapApp.app */,
				634F99BC2A6FD26300E19845 /* MapAppTests.xctest */,
				634F99C62A6FD26300E19845 /* MapAppUITests.xctest */,
			);
			name = Products;
			sourceTree = "<group>";
		};
		634F99AE2A6FD26200E19845 /* MapApp */ = {
			isa = PBXGroup;
			children = (
				634F99AF2A6FD26200E19845 /* MapAppApp.swift */,
				634F99B12A6FD26200E19845 /* ContentView.swift */,
				634F99E22A6FD65500E19845 /* DataServices */,
				634F99DD2A6FD37B00E19845 /* Views */,
				634F99DF2A6FD38800E19845 /* ViewModels */,
				634F99DE2A6FD38100E19845 /* Models */,
				634F99DB2A6FD33500E19845 /* Assets.xcassets */,
				634F99B52A6FD26300E19845 /* Preview Content */,
			);
			path = MapApp;
			sourceTree = "<group>";
		};
		634F99B52A6FD26300E19845 /* Preview Content */ = {
			isa = PBXGroup;
			children = (
			);
			path = "Preview Content";
			sourceTree = "<group>";
		};
		634F99BF2A6FD26300E19845 /* MapAppTests */ = {
			isa = PBXGroup;
			children = (
				634F99C02A6FD26300E19845 /* MapAppTests.swift */,
			);
			path = MapAppTests;
			sourceTree = "<group>";
		};
		634F99C92A6FD26300E19845 /* MapAppUITests */ = {
			isa = PBXGroup;
			children = (
				634F99CA2A6FD26300E19845 /* MapAppUITests.swift */,
				634F99CC2A6FD26300E19845 /* MapAppUITestsLaunchTests.swift */,
			);
			path = MapAppUITests;
			sourceTree = "<group>";
		};
		634F99DD2A6FD37B00E19845 /* Views */ = {
			isa = PBXGroup;
			children = (
				634F99E52A6FD6C800E19845 /* LocationsView.swift */,
				634F99E92A6FE13800E19845 /* LocationsListView.swift */,
				634F99EB2A6FE87100E19845 /* LocationPreviewView.swift */,
				634F99ED2A6FF72B00E19845 /* LocationMapAnnotionView.swift */,
				634F99EF2A6FFDA400E19845 /* LocationDetailView.swift */,
			);
			path = Views;
			sourceTree = "<group>";
		};
		634F99DE2A6FD38100E19845 /* Models */ = {
			isa = PBXGroup;
			children = (
				634F99E02A6FD3CD00E19845 /* Location.swift */,
			);
			path = Models;
			sourceTree = "<group>";
		};
		634F99DF2A6FD38800E19845 /* ViewModels */ = {
			isa = PBXGroup;
			children = (
				634F99E72A6FDA1000E19845 /* LocationsViewModel.swift */,
			);
			path = ViewModels;
			sourceTree = "<group>";
		};
		634F99E22A6FD65500E19845 /* DataServices */ = {
			isa = PBXGroup;
			children = (
				634F99E32A6FD66400E19845 /* LocationsDataService.swift */,
			);
			path = DataServices;
			sourceTree = "<group>";
		};
/* End PBXGroup section */

/* Begin PBXNativeTarget section */
		634F99AB2A6FD26200E19845 /* MapApp */ = {
			isa = PBXNativeTarget;
			buildConfigurationList = 634F99D02A6FD26300E19845 /* Build configuration list for PBXNativeTarget "MapApp" */;
			buildPhases = (
				634F99A82A6FD26200E19845 /* Sources */,
				634F99A92A6FD26200E19845 /* Frameworks */,
				634F99AA2A6FD26200E19845 /* Resources */,
			);
			buildRules = (
			);
			dependencies = (
			);
			name = MapApp;
			productName = MapApp;
			productReference = 634F99AC2A6FD26200E19845 /* MapApp.app */;
			productType = "com.apple.product-type.application";
		};
		634F99BB2A6FD26300E19845 /* MapAppTests */ = {
			isa = PBXNativeTarget;
			buildConfigurationList = 634F99D32A6FD26300E19845 /* Build configuration list for PBXNativeTarget "MapAppTests" */;
			buildPhases = (
				634F99B82A6FD26300E19845 /* Sources */,
				634F99B92A6FD26300E19845 /* Frameworks */,
				634F99BA2A6FD26300E19845 /* Resources */,
			);
			buildRules = (
			);
			dependencies = (
				634F99BE2A6FD26300E19845 /* PBXTargetDependency */,
			);
			name = MapAppTests;
			productName = MapAppTests;
			productReference = 634F99BC2A6FD26300E19845 /* MapAppTests.xctest */;
			productType = "com.apple.product-type.bundle.unit-test";
		};
		634F99C52A6FD26300E19845 /* MapAppUITests */ = {
			isa = PBXNativeTarget;
			buildConfigurationList = 634F99D62A6FD26300E19845 /* Build configuration list for PBXNativeTarget "MapAppUITests" */;
			buildPhases = (
				634F99C22A6FD26300E19845 /* Sources */,
				634F99C32A6FD26300E19845 /* Frameworks */,
				634F99C42A6FD26300E19845 /* Resources */,
			);
			buildRules = (
			);
			dependencies = (
				634F99C82A6FD26300E19845 /* PBXTargetDependency */,
			);
			name = MapAppUITests;
			productName = MapAppUITests;
			productReference = 634F99C62A6FD26300E19845 /* MapAppUITests.xctest */;
			productType = "com.apple.product-type.bundle.ui-testing";
		};
/* End PBXNativeTarget section */

/* Begin PBXProject section */
		634F99A42A6FD26200E19845 /* Project object */ = {
			isa = PBXProject;
			attributes = {
				BuildIndependentTargetsInParallel = 1;
				LastSwiftUpdateCheck = 1420;
				LastUpgradeCheck = 1420;
				TargetAttributes = {
					634F99AB2A6FD26200E19845 = {
						CreatedOnToolsVersion = 14.2;
					};
					634F99BB2A6FD26300E19845 = {
						CreatedOnToolsVersion = 14.2;
						TestTargetID = 634F99AB2A6FD26200E19845;
					};
					634F99C52A6FD26300E19845 = {
						CreatedOnToolsVersion = 14.2;
						TestTargetID = 634F99AB2A6FD26200E19845;
					};
				};
			};
			buildConfigurationList = 634F99A72A6FD26200E19845 /* Build configuration list for PBXProject "MapApp" */;
			compatibilityVersion = "Xcode 14.0";
			developmentRegion = en;
			hasScannedForEncodings = 0;
			knownRegions = (
				en,
				Base,
			);
			mainGroup = 634F99A32A6FD26200E19845;
			productRefGroup = 634F99AD2A6FD26200E19845 /* Products */;
			projectDirPath = "";
			projectRoot = "";
			targets = (
				634F99AB2A6FD26200E19845 /* MapApp */,
				634F99BB2A6FD26300E19845 /* MapAppTests */,
				634F99C52A6FD26300E19845 /* MapAppUITests */,
			);
		};
/* End PBXProject section */

/* Begin PBXResourcesBuildPhase section */
		634F99AA2A6FD26200E19845 /* Resources */ = {
			isa = PBXResourcesBuildPhase;
			buildActionMask = 2147483647;
			files = (
				634F99DC2A6FD33500E19845 /* Assets.xcassets in Resources */,
			);
			runOnlyForDeploymentPostprocessing = 0;
		};
		634F99BA2A6FD26300E19845 /* Resources */ = {
			isa = PBXResourcesBuildPhase;
			buildActionMask = 2147483647;
			files = (
			);
			runOnlyForDeploymentPostprocessing = 0;
		};
		634F99C42A6FD26300E19845 /* Resources */ = {
			isa = PBXResourcesBuildPhase;
			buildActionMask = 2147483647;
			files = (
			);
			runOnlyForDeploymentPostprocessing = 0;
		};
/* End PBXResourcesBuildPhase section */

/* Begin PBXSourcesBuildPhase section */
		634F99A82A6FD26200E19845 /* Sources */ = {
			isa = PBXSourcesBuildPhase;
			buildActionMask = 2147483647;
			files = (
				634F99E42A6FD66400E19845 /* LocationsDataService.swift in Sources */,
				634F99EA2A6FE13800E19845 /* LocationsListView.swift in Sources */,
				634F99EC2A6FE87100E19845 /* LocationPreviewView.swift in Sources */,
				634F99E82A6FDA1000E19845 /* LocationsViewModel.swift in Sources */,
				634F99EE2A6FF72B00E19845 /* LocationMapAnnotionView.swift in Sources */,
				634F99B22A6FD26200E19845 /* ContentView.swift in Sources */,
				634F99E62A6FD6C800E19845 /* LocationsView.swift in Sources */,
				634F99E12A6FD3CD00E19845 /* Location.swift in Sources */,
				634F99F02A6FFDA400E19845 /* LocationDetailView.swift in Sources */,
				634F99B02A6FD26200E19845 /* MapAppApp.swift in Sources */,
			);
			runOnlyForDeploymentPostprocessing = 0;
		};
		634F99B82A6FD26300E19845 /* Sources */ = {
			isa = PBXSourcesBuildPhase;
			buildActionMask = 2147483647;
			files = (
				634F99C12A6FD26300E19845 /* MapAppTests.swift in Sources */,
			);
			runOnlyForDeploymentPostprocessing = 0;
		};
		634F99C22A6FD26300E19845 /* Sources */ = {
			isa = PBXSourcesBuildPhase;
			buildActionMask = 2147483647;
			files = (
				634F99CB2A6FD26300E19845 /* MapAppUITests.swift in Sources */,
				634F99CD2A6FD26300E19845 /* MapAppUITestsLaunchTests.swift in Sources */,
			);
			runOnlyForDeploymentPostprocessing = 0;
		};
/* End PBXSourcesBuildPhase section */

/* Begin PBXTargetDependency section */
		634F99BE2A6FD26300E19845 /* PBXTargetDependency */ = {
			isa = PBXTargetDependency;
			target = 634F99AB2A6FD26200E19845 /* MapApp */;
			targetProxy = 634F99BD2A6FD26300E19845 /* PBXContainerItemProxy */;
		};
		634F99C82A6FD26300E19845 /* PBXTargetDependency */ = {
			isa = PBXTargetDependency;
			target = 634F99AB2A6FD26200E19845 /* MapApp */;
			targetProxy = 634F99C72A6FD26300E19845 /* PBXContainerItemProxy */;
		};
/* End PBXTargetDependency section */

/* Begin XCBuildConfiguration section */
		634F99CE2A6FD26300E19845 /* Debug */ = {
			isa = XCBuildConfiguration;
			buildSettings = {
				ALWAYS_SEARCH_USER_PATHS = NO;
				CLANG_ANALYZER_NONNULL = YES;
				CLANG_ANALYZER_NUMBER_OBJECT_CONVERSION = YES_AGGRESSIVE;
				CLANG_CXX_LANGUAGE_STANDARD = "gnu++20";
				CLANG_ENABLE_MODULES = YES;
				CLANG_ENABLE_OBJC_ARC = YES;
				CLANG_ENABLE_OBJC_WEAK = YES;
				CLANG_WARN_BLOCK_CAPTURE_AUTORELEASING = YES;
				CLANG_WARN_BOOL_CONVERSION = YES;
				CLANG_WARN_COMMA = YES;
				CLANG_WARN_CONSTANT_CONVERSION = YES;
				CLANG_WARN_DEPRECATED_OBJC_IMPLEMENTATIONS = YES;
				CLANG_WARN_DIRECT_OBJC_ISA_USAGE = YES_ERROR;
				CLANG_WARN_DOCUMENTATION_COMMENTS = YES;
				CLANG_WARN_EMPTY_BODY = YES;
				CLANG_WARN_ENUM_CONVERSION = YES;
				CLANG_WARN_INFINITE_RECURSION = YES;
				CLANG_WARN_INT_CONVERSION = YES;
				CLANG_WARN_NON_LITERAL_NULL_CONVERSION = YES;
				CLANG_WARN_OBJC_IMPLICIT_RETAIN_SELF = YES;
				CLANG_WARN_OBJC_LITERAL_CONVERSION = YES;
				CLANG_WARN_OBJC_ROOT_CLASS = YES_ERROR;
				CLANG_WARN_QUOTED_INCLUDE_IN_FRAMEWORK_HEADER = YES;
				CLANG_WARN_RANGE_LOOP_ANALYSIS = YES;
				CLANG_WARN_STRICT_PROTOTYPES = YES;
				CLANG_WARN_SUSPICIOUS_MOVE = YES;
				CLANG_WARN_UNGUARDED_AVAILABILITY = YES_AGGRESSIVE;
				CLANG_WARN_UNREACHABLE_CODE = YES;
				CLANG_WARN__DUPLICATE_METHOD_MATCH = YES;
				COPY_PHASE_STRIP = NO;
				DEBUG_INFORMATION_FORMAT = dwarf;
				ENABLE_STRICT_OBJC_MSGSEND = YES;
				ENABLE_TESTABILITY = YES;
				GCC_C_LANGUAGE_STANDARD = gnu11;
				GCC_DYNAMIC_NO_PIC = NO;
				GCC_NO_COMMON_BLOCKS = YES;
				GCC_OPTIMIZATION_LEVEL = 0;
				GCC_PREPROCESSOR_DEFINITIONS = (
					"DEBUG=1",
					"$(inherited)",
				);
				GCC_WARN_64_TO_32_BIT_CONVERSION = YES;
				GCC_WARN_ABOUT_RETURN_TYPE = YES_ERROR;
				GCC_WARN_UNDECLARED_SELECTOR = YES;
				GCC_WARN_UNINITIALIZED_AUTOS = YES_AGGRESSIVE;
				GCC_WARN_UNUSED_FUNCTION = YES;
				GCC_WARN_UNUSED_VARIABLE = YES;
				IPHONEOS_DEPLOYMENT_TARGET = 16.2;
				MTL_ENABLE_DEBUG_INFO = INCLUDE_SOURCE;
				MTL_FAST_MATH = YES;
				ONLY_ACTIVE_ARCH = YES;
				SDKROOT = iphoneos;
				SWIFT_ACTIVE_COMPILATION_CONDITIONS = DEBUG;
				SWIFT_OPTIMIZATION_LEVEL = "-Onone";
			};
			name = Debug;
		};
		634F99CF2A6FD26300E19845 /* Release */ = {
			isa = XCBuildConfiguration;
			buildSettings = {
				ALWAYS_SEARCH_USER_PATHS = NO;
				CLANG_ANALYZER_NONNULL = YES;
				CLANG_ANALYZER_NUMBER_OBJECT_CONVERSION = YES_AGGRESSIVE;
				CLANG_CXX_LANGUAGE_STANDARD = "gnu++20";
				CLANG_ENABLE_MODULES = YES;
				CLANG_ENABLE_OBJC_ARC = YES;
				CLANG_ENABLE_OBJC_WEAK = YES;
				CLANG_WARN_BLOCK_CAPTURE_AUTORELEASING = YES;
				CLANG_WARN_BOOL_CONVERSION = YES;
				CLANG_WARN_COMMA = YES;
				CLANG_WARN_CONSTANT_CONVERSION = YES;
				CLANG_WARN_DEPRECATED_OBJC_IMPLEMENTATIONS = YES;
				CLANG_WARN_DIRECT_OBJC_ISA_USAGE = YES_ERROR;
				CLANG_WARN_DOCUMENTATION_COMMENTS = YES;
				CLANG_WARN_EMPTY_BODY = YES;
				CLANG_WARN_ENUM_CONVERSION = YES;
				CLANG_WARN_INFINITE_RECURSION = YES;
				CLANG_WARN_INT_CONVERSION = YES;
				CLANG_WARN_NON_LITERAL_NULL_CONVERSION = YES;
				CLANG_WARN_OBJC_IMPLICIT_RETAIN_SELF = YES;
				CLANG_WARN_OBJC_LITERAL_CONVERSION = YES;
				CLANG_WARN_OBJC_ROOT_CLASS = YES_ERROR;
				CLANG_WARN_QUOTED_INCLUDE_IN_FRAMEWORK_HEADER = YES;
				CLANG_WARN_RANGE_LOOP_ANALYSIS = YES;
				CLANG_WARN_STRICT_PROTOTYPES = YES;
				CLANG_WARN_SUSPICIOUS_MOVE = YES;
				CLANG_WARN_UNGUARDED_AVAILABILITY = YES_AGGRESSIVE;
				CLANG_WARN_UNREACHABLE_CODE = YES;
				CLANG_WARN__DUPLICATE_METHOD_MATCH = YES;
				COPY_PHASE_STRIP = NO;
				DEBUG_INFORMATION_FORMAT = "dwarf-with-dsym";
				ENABLE_NS_ASSERTIONS = NO;
				ENABLE_STRICT_OBJC_MSGSEND = YES;
				GCC_C_LANGUAGE_STANDARD = gnu11;
				GCC_NO_COMMON_BLOCKS = YES;
				GCC_WARN_64_TO_32_BIT_CONVERSION = YES;
				GCC_WARN_ABOUT_RETURN_TYPE = YES_ERROR;
				GCC_WARN_UNDECLARED_SELECTOR = YES;
				GCC_WARN_UNINITIALIZED_AUTOS = YES_AGGRESSIVE;
				GCC_WARN_UNUSED_FUNCTION = YES;
				GCC_WARN_UNUSED_VARIABLE = YES;
				IPHONEOS_DEPLOYMENT_TARGET = 16.2;
				MTL_ENABLE_DEBUG_INFO = NO;
				MTL_FAST_MATH = YES;
				SDKROOT = iphoneos;
				SWIFT_COMPILATION_MODE = wholemodule;
				SWIFT_OPTIMIZATION_LEVEL = "-O";
				VALIDATE_PRODUCT = YES;
			};
			name = Release;
		};
		634F99D12A6FD26300E19845 /* Debug */ = {
			isa = XCBuildConfiguration;
			buildSettings = {
				ASSETCATALOG_COMPILER_APPICON_NAME = AppIcon;
				ASSETCATALOG_COMPILER_GLOBAL_ACCENT_COLOR_NAME = AccentColor;
				CODE_SIGN_STYLE = Automatic;
				CURRENT_PROJECT_VERSION = 1;
				DEVELOPMENT_ASSET_PATHS = "\"MapApp/Preview Content\"";
				DEVELOPMENT_TEAM = 64DUHGC36K;
				ENABLE_PREVIEWS = YES;
				GENERATE_INFOPLIST_FILE = YES;
				INFOPLIST_KEY_UIApplicationSceneManifest_Generation = YES;
				INFOPLIST_KEY_UIApplicationSupportsIndirectInputEvents = YES;
				INFOPLIST_KEY_UILaunchScreen_Generation = YES;
				INFOPLIST_KEY_UISupportedInterfaceOrientations_iPad = "UIInterfaceOrientationPortrait UIInterfaceOrientationPortraitUpsideDown UIInterfaceOrientationLandscapeLeft UIInterfaceOrientationLandscapeRight";
				INFOPLIST_KEY_UISupportedInterfaceOrientations_iPhone = "UIInterfaceOrientationPortrait UIInterfaceOrientationLandscapeLeft UIInterfaceOrientationLandscapeRight";
				LD_RUNPATH_SEARCH_PATHS = (
					"$(inherited)",
					"@executable_path/Frameworks",
				);
				MARKETING_VERSION = 1.0;
				PRODUCT_BUNDLE_IDENTIFIER = com.muhammeteren.MapApp;
				PRODUCT_NAME = "$(TARGET_NAME)";
				SWIFT_EMIT_LOC_STRINGS = YES;
				SWIFT_VERSION = 5.0;
				TARGETED_DEVICE_FAMILY = "1,2";
			};
			name = Debug;
		};
		634F99D22A6FD26300E19845 /* Release */ = {
			isa = XCBuildConfiguration;
			buildSettings = {
				ASSETCATALOG_COMPILER_APPICON_NAME = AppIcon;
				ASSETCATALOG_COMPILER_GLOBAL_ACCENT_COLOR_NAME = AccentColor;
				CODE_SIGN_STYLE = Automatic;
				CURRENT_PROJECT_VERSION = 1;
				DEVELOPMENT_ASSET_PATHS = "\"MapApp/Preview Content\"";
				DEVELOPMENT_TEAM = 64DUHGC36K;
				ENABLE_PREVIEWS = YES;
				GENERATE_INFOPLIST_FILE = YES;
				INFOPLIST_KEY_UIApplicationSceneManifest_Generation = YES;
				INFOPLIST_KEY_UIApplicationSupportsIndirectInputEvents = YES;
				INFOPLIST_KEY_UILaunchScreen_Generation = YES;
				INFOPLIST_KEY_UISupportedInterfaceOrientations_iPad = "UIInterfaceOrientationPortrait UIInterfaceOrientationPortraitUpsideDown UIInterfaceOrientationLandscapeLeft UIInterfaceOrientationLandscapeRight";
				INFOPLIST_KEY_UISupportedInterfaceOrientations_iPhone = "UIInterfaceOrientationPortrait UIInterfaceOrientationLandscapeLeft UIInterfaceOrientationLandscapeRight";
				LD_RUNPATH_SEARCH_PATHS = (
					"$(inherited)",
					"@executable_path/Frameworks",
				);
				MARKETING_VERSION = 1.0;
				PRODUCT_BUNDLE_IDENTIFIER = com.muhammeteren.MapApp;
				PRODUCT_NAME = "$(TARGET_NAME)";
				SWIFT_EMIT_LOC_STRINGS = YES;
				SWIFT_VERSION = 5.0;
				TARGETED_DEVICE_FAMILY = "1,2";
			};
			name = Release;
		};
		634F99D42A6FD26300E19845 /* Debug */ = {
			isa = XCBuildConfiguration;
			buildSettings = {
				ALWAYS_EMBED_SWIFT_STANDARD_LIBRARIES = YES;
				BUNDLE_LOADER = "$(TEST_HOST)";
				CODE_SIGN_STYLE = Automatic;
				CURRENT_PROJECT_VERSION = 1;
				DEVELOPMENT_TEAM = 64DUHGC36K;
				GENERATE_INFOPLIST_FILE = YES;
				IPHONEOS_DEPLOYMENT_TARGET = 16.2;
				MARKETING_VERSION = 1.0;
				PRODUCT_BUNDLE_IDENTIFIER = com.muhammeteren.MapAppTests;
				PRODUCT_NAME = "$(TARGET_NAME)";
				SWIFT_EMIT_LOC_STRINGS = NO;
				SWIFT_VERSION = 5.0;
				TARGETED_DEVICE_FAMILY = "1,2";
				TEST_HOST = "$(BUILT_PRODUCTS_DIR)/MapApp.app/$(BUNDLE_EXECUTABLE_FOLDER_PATH)/MapApp";
			};
			name = Debug;
		};
		634F99D52A6FD26300E19845 /* Release */ = {
			isa = XCBuildConfiguration;
			buildSettings = {
				ALWAYS_EMBED_SWIFT_STANDARD_LIBRARIES = YES;
				BUNDLE_LOADER = "$(TEST_HOST)";
				CODE_SIGN_STYLE = Automatic;
				CURRENT_PROJECT_VERSION = 1;
				DEVELOPMENT_TEAM = 64DUHGC36K;
				GENERATE_INFOPLIST_FILE = YES;
				IPHONEOS_DEPLOYMENT_TARGET = 16.2;
				MARKETING_VERSION = 1.0;
				PRODUCT_BUNDLE_IDENTIFIER = com.muhammeteren.MapAppTests;
				PRODUCT_NAME = "$(TARGET_NAME)";
				SWIFT_EMIT_LOC_STRINGS = NO;
				SWIFT_VERSION = 5.0;
				TARGETED_DEVICE_FAMILY = "1,2";
				TEST_HOST = "$(BUILT_PRODUCTS_DIR)/MapApp.app/$(BUNDLE_EXECUTABLE_FOLDER_PATH)/MapApp";
			};
			name = Release;
		};
		634F99D72A6FD26300E19845 /* Debug */ = {
			isa = XCBuildConfiguration;
			buildSettings = {
				ALWAYS_EMBED_SWIFT_STANDARD_LIBRARIES = YES;
				CODE_SIGN_STYLE = Automatic;
				CURRENT_PROJECT_VERSION = 1;
				DEVELOPMENT_TEAM = 64DUHGC36K;
				GENERATE_INFOPLIST_FILE = YES;
				MARKETING_VERSION = 1.0;
				PRODUCT_BUNDLE_IDENTIFIER = com.muhammeteren.MapAppUITests;
				PRODUCT_NAME = "$(TARGET_NAME)";
				SWIFT_EMIT_LOC_STRINGS = NO;
				SWIFT_VERSION = 5.0;
				TARGETED_DEVICE_FAMILY = "1,2";
				TEST_TARGET_NAME = MapApp;
			};
			name = Debug;
		};
		634F99D82A6FD26300E19845 /* Release */ = {
			isa = XCBuildConfiguration;
			buildSettings = {
				ALWAYS_EMBED_SWIFT_STANDARD_LIBRARIES = YES;
				CODE_SIGN_STYLE = Automatic;
				CURRENT_PROJECT_VERSION = 1;
				DEVELOPMENT_TEAM = 64DUHGC36K;
				GENERATE_INFOPLIST_FILE = YES;
				MARKETING_VERSION = 1.0;
				PRODUCT_BUNDLE_IDENTIFIER = com.muhammeteren.MapAppUITests;
				PRODUCT_NAME = "$(TARGET_NAME)";
				SWIFT_EMIT_LOC_STRINGS = NO;
				SWIFT_VERSION = 5.0;
				TARGETED_DEVICE_FAMILY = "1,2";
				TEST_TARGET_NAME = MapApp;
			};
			name = Release;
		};
/* End XCBuildConfiguration section */

/* Begin XCConfigurationList section */
		634F99A72A6FD26200E19845 /* Build configuration list for PBXProject "MapApp" */ = {
			isa = XCConfigurationList;
			buildConfigurations = (
				634F99CE2A6FD26300E19845 /* Debug */,
				634F99CF2A6FD26300E19845 /* Release */,
			);
			defaultConfigurationIsVisible = 0;
			defaultConfigurationName = Release;
		};
		634F99D02A6FD26300E19845 /* Build configuration list for PBXNativeTarget "MapApp" */ = {
			isa = XCConfigurationList;
			buildConfigurations = (
				634F99D12A6FD26300E19845 /* Debug */,
				634F99D22A6FD26300E19845 /* Release */,
			);
			defaultConfigurationIsVisible = 0;
			defaultConfigurationName = Release;
		};
		634F99D32A6FD26300E19845 /* Build configuration list for PBXNativeTarget "MapAppTests" */ = {
			isa = XCConfigurationList;
			buildConfigurations = (
				634F99D42A6FD26300E19845 /* Debug */,
				634F99D52A6FD26300E19845 /* Release */,
			);
			defaultConfigurationIsVisible = 0;
			defaultConfigurationName = Release;
		};
		634F99D62A6FD26300E19845 /* Build configuration list for PBXNativeTarget "MapAppUITests" */ = {
			isa = XCConfigurationList;
			buildConfigurations = (
				634F99D72A6FD26300E19845 /* Debug */,
				634F99D82A6FD26300E19845 /* Release */,
			);
			defaultConfigurationIsVisible = 0;
			defaultConfigurationName = Release;
		};
/* End XCConfigurationList section */
	};
	rootObject = 634F99A42A6FD26200E19845 /* Project object */;
}
